
Microsoft Visual Studio Solution File, Format Version 12.00
# Visual Studio 15
VisualStudioVersion = 15.0.27004.2006
MinimumVisualStudioVersion = 10.0.40219.1
Project("{FAE04EC0-301F-11D3-BF4B-00C04F79EFBC}") = "01.DefineAnInterfaceIPerson", "01.DefineAnInterfaceIPerson\01.DefineAnInterfaceIPerson.csproj", "{A07062AA-8F19-4112-90F7-B81687A6F13F}"
EndProject
Project("{FAE04EC0-301F-11D3-BF4B-00C04F79EFBC}") = "02.MultipleImplementation", "02.MultipleImplementation\02.MultipleImplementation.csproj", "{A10587BF-E746-4E5E-A95A-745C22AB9A6B}"
EndProject
Project("{FAE04EC0-301F-11D3-BF4B-00C04F79EFBC}") = "03.Ferrari", "03.Ferrari\03.Ferrari.csproj", "{10CF372D-98EF-4366-AFD3-62EECE32A9EF}"
EndProject
Project("{FAE04EC0-301F-11D3-BF4B-00C04F79EFBC}") = "04.Telephony", "04.Telephony\04.Telephony.csproj", "{1EEEFAAB-51B7-4E32-8F76-4B82B5530FA7}"
EndProject
Global
	GlobalSection(SolutionConfigurationPlatforms) = preSolution
		Debug|Any CPU = Debug|Any CPU
		Release|Any CPU = Release|Any CPU
	EndGlobalSection
	GlobalSection(ProjectConfigurationPlatforms) = postSolution
		{A07062AA-8F19-4112-90F7-B81687A6F13F}.Debug|Any CPU.ActiveCfg = Debug|Any CPU
		{A07062AA-8F19-4112-90F7-B81687A6F13F}.Debug|Any CPU.Build.0 = Debug|Any CPU
		{A07062AA-8F19-4112-90F7-B81687A6F13F}.Release|Any CPU.ActiveCfg = Release|Any CPU
		{A07062AA-8F19-4112-90F7-B81687A6F13F}.Release|Any CPU.Build.0 = Release|Any CPU
		{A10587BF-E746-4E5E-A95A-745C22AB9A6B}.Debug|Any CPU.ActiveCfg = Debug|Any CPU
		{A10587BF-E746-4E5E-A95A-745C22AB9A6B}.Debug|Any CPU.Build.0 = Debug|Any CPU
		{A10587BF-E746-4E5E-A95A-745C22AB9A6B}.Release|Any CPU.ActiveCfg = Release|Any CPU
		{A10587BF-E746-4E5E-A95A-745C22AB9A6B}.Release|Any CPU.Build.0 = Release|Any CPU
		{10CF372D-98EF-4366-AFD3-62EECE32A9EF}.Debug|Any CPU.ActiveCfg = Debug|Any CPU
		{10CF372D-98EF-4366-AFD3-62EECE32A9EF}.Debug|Any CPU.Build.0 = Debug|Any CPU
		{10CF372D-98EF-4366-AFD3-62EECE32A9EF}.Release|Any CPU.ActiveCfg = Release|Any CPU
		{10CF372D-98EF-4366-AFD3-62EECE32A9EF}.Release|Any CPU.Build.0 = Release|Any CPU
		{1EEEFAAB-51B7-4E32-8F76-4B82B5530FA7}.Debug|Any CPU.ActiveCfg = Debug|Any CPU
		{1EEEFAAB-51B7-4E32-8F76-4B82B5530FA7}.Debug|Any CPU.Build.0 = Debug|Any CPU
		{1EEEFAAB-51B7-4E32-8F76-4B82B5530FA7}.Release|Any CPU.ActiveCfg = Release|Any CPU
		{1EEEFAAB-51B7-4E32-8F76-4B82B5530FA7}.Release|Any CPU.Build.0 = Release|Any CPU
	EndGlobalSection
	GlobalSection(SolutionProperties) = preSolution
		HideSolutionNode = FALSE
	EndGlobalSection
	GlobalSection(ExtensibilityGlobals) = postSolution
		SolutionGuid = {F594BF4A-61C4-49BC-A534-FCA1AEE52330}
	EndGlobalSection
EndGlobal
