
Microsoft Visual Studio Solution File, Format Version 12.00
# Visual Studio 15
VisualStudioVersion = 15.0.27004.2006
MinimumVisualStudioVersion = 10.0.40219.1
Project("{FAE04EC0-301F-11D3-BF4B-00C04F79EFBC}") = "01.BankAccount", "01.BankAccount\01.BankAccount.csproj", "{5AC5B8E4-CAB7-42D5-AB36-64FB13B922B0}"
EndProject
Global
	GlobalSection(SolutionConfigurationPlatforms) = preSolution
		Debug|Any CPU = Debug|Any CPU
		Release|Any CPU = Release|Any CPU
	EndGlobalSection
	GlobalSection(ProjectConfigurationPlatforms) = postSolution
		{5AC5B8E4-CAB7-42D5-AB36-64FB13B922B0}.Debug|Any CPU.ActiveCfg = Debug|Any CPU
		{5AC5B8E4-CAB7-42D5-AB36-64FB13B922B0}.Debug|Any CPU.Build.0 = Debug|Any CPU
		{5AC5B8E4-CAB7-42D5-AB36-64FB13B922B0}.Release|Any CPU.ActiveCfg = Release|Any CPU
		{5AC5B8E4-CAB7-42D5-AB36-64FB13B922B0}.Release|Any CPU.Build.0 = Release|Any CPU
	EndGlobalSection
	GlobalSection(SolutionProperties) = preSolution
		HideSolutionNode = FALSE
	EndGlobalSection
	GlobalSection(ExtensibilityGlobals) = postSolution
		SolutionGuid = {7ADF6523-3678-4770-AD92-59F915C50228}
	EndGlobalSection
EndGlobal
