
Microsoft Visual Studio Solution File, Format Version 12.00
# Visual Studio 15
VisualStudioVersion = 15.0.27004.2006
MinimumVisualStudioVersion = 10.0.40219.1
Project("{9A19103F-16F7-4668-BE54-9A1E7A4F7556}") = "Forum.Data", "Forum.Data\Forum.Data.csproj", "{E50FB82D-08CF-4334-B447-9C0A4EEBB67A}"
EndProject
Project("{9A19103F-16F7-4668-BE54-9A1E7A4F7556}") = "Forum.Models", "Forum.Models\Forum.Models.csproj", "{172BEBC9-58A6-4287-ACCF-48B8F9AA5A8C}"
EndProject
Project("{FAE04EC0-301F-11D3-BF4B-00C04F79EFBC}") = "Forum.App", "Forum.App\Forum.App.csproj", "{2C6C10CB-E17C-41B2-B574-7ED4D54F6DCE}"
EndProject
Global
	GlobalSection(SolutionConfigurationPlatforms) = preSolution
		Debug|Any CPU = Debug|Any CPU
		Release|Any CPU = Release|Any CPU
	EndGlobalSection
	GlobalSection(ProjectConfigurationPlatforms) = postSolution
		{E50FB82D-08CF-4334-B447-9C0A4EEBB67A}.Debug|Any CPU.ActiveCfg = Debug|Any CPU
		{E50FB82D-08CF-4334-B447-9C0A4EEBB67A}.Debug|Any CPU.Build.0 = Debug|Any CPU
		{E50FB82D-08CF-4334-B447-9C0A4EEBB67A}.Release|Any CPU.ActiveCfg = Release|Any CPU
		{E50FB82D-08CF-4334-B447-9C0A4EEBB67A}.Release|Any CPU.Build.0 = Release|Any CPU
		{172BEBC9-58A6-4287-ACCF-48B8F9AA5A8C}.Debug|Any CPU.ActiveCfg = Debug|Any CPU
		{172BEBC9-58A6-4287-ACCF-48B8F9AA5A8C}.Debug|Any CPU.Build.0 = Debug|Any CPU
		{172BEBC9-58A6-4287-ACCF-48B8F9AA5A8C}.Release|Any CPU.ActiveCfg = Release|Any CPU
		{172BEBC9-58A6-4287-ACCF-48B8F9AA5A8C}.Release|Any CPU.Build.0 = Release|Any CPU
		{2C6C10CB-E17C-41B2-B574-7ED4D54F6DCE}.Debug|Any CPU.ActiveCfg = Debug|Any CPU
		{2C6C10CB-E17C-41B2-B574-7ED4D54F6DCE}.Debug|Any CPU.Build.0 = Debug|Any CPU
		{2C6C10CB-E17C-41B2-B574-7ED4D54F6DCE}.Release|Any CPU.ActiveCfg = Release|Any CPU
		{2C6C10CB-E17C-41B2-B574-7ED4D54F6DCE}.Release|Any CPU.Build.0 = Release|Any CPU
	EndGlobalSection
	GlobalSection(SolutionProperties) = preSolution
		HideSolutionNode = FALSE
	EndGlobalSection
	GlobalSection(ExtensibilityGlobals) = postSolution
		SolutionGuid = {DFBEC66C-387F-4A99-A9D6-8C328897E1E2}
	EndGlobalSection
EndGlobal
