
Microsoft Visual Studio Solution File, Format Version 12.00
# Visual Studio 15
VisualStudioVersion = 15.0.27004.2006
MinimumVisualStudioVersion = 10.0.40219.1
Project("{FAE04EC0-301F-11D3-BF4B-00C04F79EFBC}") = "SpeedRacing", "SpeedRacing\SpeedRacing.csproj", "{950A695C-8D23-4F31-B73A-005798287BDB}"
EndProject
Global
	GlobalSection(SolutionConfigurationPlatforms) = preSolution
		Debug|Any CPU = Debug|Any CPU
		Release|Any CPU = Release|Any CPU
	EndGlobalSection
	GlobalSection(ProjectConfigurationPlatforms) = postSolution
		{950A695C-8D23-4F31-B73A-005798287BDB}.Debug|Any CPU.ActiveCfg = Debug|Any CPU
		{950A695C-8D23-4F31-B73A-005798287BDB}.Debug|Any CPU.Build.0 = Debug|Any CPU
		{950A695C-8D23-4F31-B73A-005798287BDB}.Release|Any CPU.ActiveCfg = Release|Any CPU
		{950A695C-8D23-4F31-B73A-005798287BDB}.Release|Any CPU.Build.0 = Release|Any CPU
	EndGlobalSection
	GlobalSection(SolutionProperties) = preSolution
		HideSolutionNode = FALSE
	EndGlobalSection
	GlobalSection(ExtensibilityGlobals) = postSolution
		SolutionGuid = {0C9EE191-1066-4BB7-8DFA-582230EDA7DB}
	EndGlobalSection
EndGlobal
