
Microsoft Visual Studio Solution File, Format Version 12.00
# Visual Studio 15
VisualStudioVersion = 15.0.27004.2006
MinimumVisualStudioVersion = 10.0.40219.1
Project("{9A19103F-16F7-4668-BE54-9A1E7A4F7556}") = "P01.Vehicles", "P01.Vehicles\P01.Vehicles.csproj", "{81CE2CD8-3CE8-49B9-B109-0AE9E0F7E911}"
EndProject
Project("{9A19103F-16F7-4668-BE54-9A1E7A4F7556}") = "P02.VehiclesExtension", "P02.VehiclesExtension\P02.VehiclesExtension.csproj", "{50E3F04C-2E58-4B70-859E-26A9DF208517}"
EndProject
Project("{FAE04EC0-301F-11D3-BF4B-00C04F79EFBC}") = "P03.WildFarm", "P03.WildFarm\P03.WildFarm.csproj", "{D5BCF044-C7C4-41E0-A105-1836EF190F9A}"
EndProject
Global
	GlobalSection(SolutionConfigurationPlatforms) = preSolution
		Debug|Any CPU = Debug|Any CPU
		Release|Any CPU = Release|Any CPU
	EndGlobalSection
	GlobalSection(ProjectConfigurationPlatforms) = postSolution
		{81CE2CD8-3CE8-49B9-B109-0AE9E0F7E911}.Debug|Any CPU.ActiveCfg = Debug|Any CPU
		{81CE2CD8-3CE8-49B9-B109-0AE9E0F7E911}.Debug|Any CPU.Build.0 = Debug|Any CPU
		{81CE2CD8-3CE8-49B9-B109-0AE9E0F7E911}.Release|Any CPU.ActiveCfg = Release|Any CPU
		{81CE2CD8-3CE8-49B9-B109-0AE9E0F7E911}.Release|Any CPU.Build.0 = Release|Any CPU
		{50E3F04C-2E58-4B70-859E-26A9DF208517}.Debug|Any CPU.ActiveCfg = Debug|Any CPU
		{50E3F04C-2E58-4B70-859E-26A9DF208517}.Debug|Any CPU.Build.0 = Debug|Any CPU
		{50E3F04C-2E58-4B70-859E-26A9DF208517}.Release|Any CPU.ActiveCfg = Release|Any CPU
		{50E3F04C-2E58-4B70-859E-26A9DF208517}.Release|Any CPU.Build.0 = Release|Any CPU
		{D5BCF044-C7C4-41E0-A105-1836EF190F9A}.Debug|Any CPU.ActiveCfg = Debug|Any CPU
		{D5BCF044-C7C4-41E0-A105-1836EF190F9A}.Debug|Any CPU.Build.0 = Debug|Any CPU
		{D5BCF044-C7C4-41E0-A105-1836EF190F9A}.Release|Any CPU.ActiveCfg = Release|Any CPU
		{D5BCF044-C7C4-41E0-A105-1836EF190F9A}.Release|Any CPU.Build.0 = Release|Any CPU
	EndGlobalSection
	GlobalSection(SolutionProperties) = preSolution
		HideSolutionNode = FALSE
	EndGlobalSection
	GlobalSection(ExtensibilityGlobals) = postSolution
		SolutionGuid = {92E721DB-D4A5-4128-8F92-9ACBA3695ECE}
	EndGlobalSection
EndGlobal
