
Microsoft Visual Studio Solution File, Format Version 12.00
# Visual Studio 15
VisualStudioVersion = 15.0.27004.2006
MinimumVisualStudioVersion = 10.0.40219.1
Project("{FAE04EC0-301F-11D3-BF4B-00C04F79EFBC}") = "CatLady", "CatLady\CatLady.csproj", "{AD67C3A0-3A15-4A3F-B863-5D3F3E647EC5}"
EndProject
Global
	GlobalSection(SolutionConfigurationPlatforms) = preSolution
		Debug|Any CPU = Debug|Any CPU
		Release|Any CPU = Release|Any CPU
	EndGlobalSection
	GlobalSection(ProjectConfigurationPlatforms) = postSolution
		{AD67C3A0-3A15-4A3F-B863-5D3F3E647EC5}.Debug|Any CPU.ActiveCfg = Debug|Any CPU
		{AD67C3A0-3A15-4A3F-B863-5D3F3E647EC5}.Debug|Any CPU.Build.0 = Debug|Any CPU
		{AD67C3A0-3A15-4A3F-B863-5D3F3E647EC5}.Release|Any CPU.ActiveCfg = Release|Any CPU
		{AD67C3A0-3A15-4A3F-B863-5D3F3E647EC5}.Release|Any CPU.Build.0 = Release|Any CPU
	EndGlobalSection
	GlobalSection(SolutionProperties) = preSolution
		HideSolutionNode = FALSE
	EndGlobalSection
	GlobalSection(ExtensibilityGlobals) = postSolution
		SolutionGuid = {4F3ED070-E70B-421B-AEE6-D941DA31572C}
	EndGlobalSection
EndGlobal
