
Microsoft Visual Studio Solution File, Format Version 12.00
# Visual Studio 15
VisualStudioVersion = 15.0.27004.2006
MinimumVisualStudioVersion = 10.0.40219.1
Project("{FAE04EC0-301F-11D3-BF4B-00C04F79EFBC}") = "01.RhombusOfStars", "01.RhombusOfStars\01.RhombusOfStars.csproj", "{A1DBE916-2EA1-4B68-9D1C-4B006064F44A}"
EndProject
Global
	GlobalSection(SolutionConfigurationPlatforms) = preSolution
		Debug|Any CPU = Debug|Any CPU
		Release|Any CPU = Release|Any CPU
	EndGlobalSection
	GlobalSection(ProjectConfigurationPlatforms) = postSolution
		{A1DBE916-2EA1-4B68-9D1C-4B006064F44A}.Debug|Any CPU.ActiveCfg = Debug|Any CPU
		{A1DBE916-2EA1-4B68-9D1C-4B006064F44A}.Debug|Any CPU.Build.0 = Debug|Any CPU
		{A1DBE916-2EA1-4B68-9D1C-4B006064F44A}.Release|Any CPU.ActiveCfg = Release|Any CPU
		{A1DBE916-2EA1-4B68-9D1C-4B006064F44A}.Release|Any CPU.Build.0 = Release|Any CPU
	EndGlobalSection
	GlobalSection(SolutionProperties) = preSolution
		HideSolutionNode = FALSE
	EndGlobalSection
	GlobalSection(ExtensibilityGlobals) = postSolution
		SolutionGuid = {122F7E30-723E-4857-B563-0DED4F21CDD3}
	EndGlobalSection
EndGlobal
